// !$*UTF8*$!
{
	archiveVersion = 1;
	classes = {
	};
	objectVersion = 56;
	objects = {

/* Begin PBXBuildFile section */
		7711E7772BA0C9F700CE933A /* CollectionViewController.swift in Sources */ = {isa = PBXBuildFile; fileRef = 7711E7762BA0C9F700CE933A /* CollectionViewController.swift */; };
		7711E7792BA0CE1700CE933A /* CollectionViewSection.swift in Sources */ = {isa = PBXBuildFile; fileRef = 7711E7782BA0CE1700CE933A /* CollectionViewSection.swift */; };
		7711E77B2BA0D97700CE933A /* CollectionViewCellControllerSectionProvider.swift in Sources */ = {isa = PBXBuildFile; fileRef = 7711E77A2BA0D97700CE933A /* CollectionViewCellControllerSectionProvider.swift */; };
		7711E77D2BA0FEB000CE933A /* EmployeeSummaryCollectionViewCellControllerProvider.swift in Sources */ = {isa = PBXBuildFile; fileRef = 7711E77C2BA0FEB000CE933A /* EmployeeSummaryCollectionViewCellControllerProvider.swift */; };
		7711E7802BA1562600CE933A /* SkeletonView in Frameworks */ = {isa = PBXBuildFile; productRef = 7711E77F2BA1562600CE933A /* SkeletonView */; };
		7711E7832BA1655E00CE933A /* OHHTTPStubsSwift in Frameworks */ = {isa = PBXBuildFile; productRef = 7711E7822BA1655E00CE933A /* OHHTTPStubsSwift */; };
		7711E7852BA1658C00CE933A /* EmployeeDirectoryServiceClientTests.swift in Sources */ = {isa = PBXBuildFile; fileRef = 7711E7842BA1658C00CE933A /* EmployeeDirectoryServiceClientTests.swift */; };
		7711E78E2BA1676500CE933A /* SDWebImage in Frameworks */ = {isa = PBXBuildFile; productRef = 7711E78D2BA1676500CE933A /* SDWebImage */; };
		7711E7902BA1678500CE933A /* OHHTTPStubsSwift in Frameworks */ = {isa = PBXBuildFile; productRef = 7711E78F2BA1678500CE933A /* OHHTTPStubsSwift */; };
		7711E7922BA167D200CE933A /* OHHTTPStubs in Frameworks */ = {isa = PBXBuildFile; productRef = 7711E7912BA167D200CE933A /* OHHTTPStubs */; };
		7711E7942BA16B3100CE933A /* SuccessResponse.json in Resources */ = {isa = PBXBuildFile; fileRef = 7711E7932BA16B3100CE933A /* SuccessResponse.json */; };
		7711E7962BA16BE300CE933A /* EmployeeDataTests.swift in Sources */ = {isa = PBXBuildFile; fileRef = 7711E7952BA16BE300CE933A /* EmployeeDataTests.swift */; };
		7711E7992BA16CC400CE933A /* EmployeeSummaryCollectionViewCellControllerProviderTests.swift in Sources */ = {isa = PBXBuildFile; fileRef = 7711E7982BA16CC400CE933A /* EmployeeSummaryCollectionViewCellControllerProviderTests.swift */; };
		7711E79B2BA1713D00CE933A /* README.md in Resources */ = {isa = PBXBuildFile; fileRef = 7711E79A2BA1713D00CE933A /* README.md */; };
		7711E79D2BA1F55300CE933A /* EmployeeSummaryCollectionViewCellControllerTests.swift in Sources */ = {isa = PBXBuildFile; fileRef = 7711E79C2BA1F55300CE933A /* EmployeeSummaryCollectionViewCellControllerTests.swift */; };
		774ADA672B9E743E003ABAA3 /* EmployeeSummaryCollectionViewCell.swift in Sources */ = {isa = PBXBuildFile; fileRef = 774ADA642B9E743E003ABAA3 /* EmployeeSummaryCollectionViewCell.swift */; };
		774ADA682B9E743E003ABAA3 /* EmployeeSummaryCollectionViewCell.xib in Resources */ = {isa = PBXBuildFile; fileRef = 774ADA652B9E743E003ABAA3 /* EmployeeSummaryCollectionViewCell.xib */; };
		774ADA692B9E743E003ABAA3 /* EmployeeSummaryCollectionViewCellController.swift in Sources */ = {isa = PBXBuildFile; fileRef = 774ADA662B9E743E003ABAA3 /* EmployeeSummaryCollectionViewCellController.swift */; };
		774ADA6C2B9E8921003ABAA3 /* EmployeeDirectoryServiceClient.swift in Sources */ = {isa = PBXBuildFile; fileRef = 774ADA6B2B9E8921003ABAA3 /* EmployeeDirectoryServiceClient.swift */; };
		774ADA6E2B9E8989003ABAA3 /* HttpError.swift in Sources */ = {isa = PBXBuildFile; fileRef = 774ADA6D2B9E8989003ABAA3 /* HttpError.swift */; };
		774ADA712B9E8BA0003ABAA3 /* EmployeeDirectoryData.swift in Sources */ = {isa = PBXBuildFile; fileRef = 774ADA702B9E8BA0003ABAA3 /* EmployeeDirectoryData.swift */; };
		774ADA742B9EA35F003ABAA3 /* SDWebImage in Frameworks */ = {isa = PBXBuildFile; productRef = 774ADA732B9EA35F003ABAA3 /* SDWebImage */; };
		77FE7E792B9E70CC00E7C2BD /* AppDelegate.swift in Sources */ = {isa = PBXBuildFile; fileRef = 77FE7E782B9E70CC00E7C2BD /* AppDelegate.swift */; };
		77FE7E7B2B9E70CC00E7C2BD /* SceneDelegate.swift in Sources */ = {isa = PBXBuildFile; fileRef = 77FE7E7A2B9E70CC00E7C2BD /* SceneDelegate.swift */; };
		77FE7E7D2B9E70CC00E7C2BD /* EmployeeFeedsViewController.swift in Sources */ = {isa = PBXBuildFile; fileRef = 77FE7E7C2B9E70CC00E7C2BD /* EmployeeFeedsViewController.swift */; };
		77FE7E802B9E70CC00E7C2BD /* Main.storyboard in Resources */ = {isa = PBXBuildFile; fileRef = 77FE7E7E2B9E70CC00E7C2BD /* Main.storyboard */; };
		77FE7E822B9E70CE00E7C2BD /* Assets.xcassets in Resources */ = {isa = PBXBuildFile; fileRef = 77FE7E812B9E70CE00E7C2BD /* Assets.xcassets */; };
		77FE7E852B9E70CE00E7C2BD /* LaunchScreen.storyboard in Resources */ = {isa = PBXBuildFile; fileRef = 77FE7E832B9E70CE00E7C2BD /* LaunchScreen.storyboard */; };
/* End PBXBuildFile section */

/* Begin PBXContainerItemProxy section */
		77FE7E8C2B9E70CF00E7C2BD /* PBXContainerItemProxy */ = {
			isa = PBXContainerItemProxy;
			containerPortal = 77FE7E6D2B9E70CC00E7C2BD /* Project object */;
			proxyType = 1;
			remoteGlobalIDString = 77FE7E742B9E70CC00E7C2BD;
			remoteInfo = EmployeeDirectory;
		};
/* End PBXContainerItemProxy section */

/* Begin PBXFileReference section */
		7711E7762BA0C9F700CE933A /* CollectionViewController.swift */ = {isa = PBXFileReference; lastKnownFileType = sourcecode.swift; path = CollectionViewController.swift; sourceTree = "<group>"; };
		7711E7782BA0CE1700CE933A /* CollectionViewSection.swift */ = {isa = PBXFileReference; lastKnownFileType = sourcecode.swift; path = CollectionViewSection.swift; sourceTree = "<group>"; };
		7711E77A2BA0D97700CE933A /* CollectionViewCellControllerSectionProvider.swift */ = {isa = PBXFileReference; lastKnownFileType = sourcecode.swift; path = CollectionViewCellControllerSectionProvider.swift; sourceTree = "<group>"; };
		7711E77C2BA0FEB000CE933A /* EmployeeSummaryCollectionViewCellControllerProvider.swift */ = {isa = PBXFileReference; lastKnownFileType = sourcecode.swift; path = EmployeeSummaryCollectionViewCellControllerProvider.swift; sourceTree = "<group>"; };
		7711E7842BA1658C00CE933A /* EmployeeDirectoryServiceClientTests.swift */ = {isa = PBXFileReference; lastKnownFileType = sourcecode.swift; path = EmployeeDirectoryServiceClientTests.swift; sourceTree = "<group>"; };
		7711E7932BA16B3100CE933A /* SuccessResponse.json */ = {isa = PBXFileReference; lastKnownFileType = text.json; path = SuccessResponse.json; sourceTree = "<group>"; };
		7711E7952BA16BE300CE933A /* EmployeeDataTests.swift */ = {isa = PBXFileReference; lastKnownFileType = sourcecode.swift; path = EmployeeDataTests.swift; sourceTree = "<group>"; };
		7711E7982BA16CC400CE933A /* EmployeeSummaryCollectionViewCellControllerProviderTests.swift */ = {isa = PBXFileReference; lastKnownFileType = sourcecode.swift; path = EmployeeSummaryCollectionViewCellControllerProviderTests.swift; sourceTree = "<group>"; };
		7711E79A2BA1713D00CE933A /* README.md */ = {isa = PBXFileReference; lastKnownFileType = net.daringfireball.markdown; path = README.md; sourceTree = "<group>"; };
		7711E79C2BA1F55300CE933A /* EmployeeSummaryCollectionViewCellControllerTests.swift */ = {isa = PBXFileReference; lastKnownFileType = sourcecode.swift; path = EmployeeSummaryCollectionViewCellControllerTests.swift; sourceTree = "<group>"; };
		774ADA642B9E743E003ABAA3 /* EmployeeSummaryCollectionViewCell.swift */ = {isa = PBXFileReference; fileEncoding = 4; lastKnownFileType = sourcecode.swift; path = EmployeeSummaryCollectionViewCell.swift; sourceTree = "<group>"; };
		774ADA652B9E743E003ABAA3 /* EmployeeSummaryCollectionViewCell.xib */ = {isa = PBXFileReference; fileEncoding = 4; lastKnownFileType = file.xib; path = EmployeeSummaryCollectionViewCell.xib; sourceTree = "<group>"; };
		774ADA662B9E743E003ABAA3 /* EmployeeSummaryCollectionViewCellController.swift */ = {isa = PBXFileReference; fileEncoding = 4; lastKnownFileType = sourcecode.swift; path = EmployeeSummaryCollectionViewCellController.swift; sourceTree = "<group>"; };
		774ADA6B2B9E8921003ABAA3 /* EmployeeDirectoryServiceClient.swift */ = {isa = PBXFileReference; lastKnownFileType = sourcecode.swift; path = EmployeeDirectoryServiceClient.swift; sourceTree = "<group>"; };
		774ADA6D2B9E8989003ABAA3 /* HttpError.swift */ = {isa = PBXFileReference; lastKnownFileType = sourcecode.swift; path = HttpError.swift; sourceTree = "<group>"; };
		774ADA702B9E8BA0003ABAA3 /* EmployeeDirectoryData.swift */ = {isa = PBXFileReference; lastKnownFileType = sourcecode.swift; path = EmployeeDirectoryData.swift; sourceTree = "<group>"; };
		77FE7E752B9E70CC00E7C2BD /* EmployeeDirectory.app */ = {isa = PBXFileReference; explicitFileType = wrapper.application; includeInIndex = 0; path = EmployeeDirectory.app; sourceTree = BUILT_PRODUCTS_DIR; };
		77FE7E782B9E70CC00E7C2BD /* AppDelegate.swift */ = {isa = PBXFileReference; lastKnownFileType = sourcecode.swift; path = AppDelegate.swift; sourceTree = "<group>"; };
		77FE7E7A2B9E70CC00E7C2BD /* SceneDelegate.swift */ = {isa = PBXFileReference; lastKnownFileType = sourcecode.swift; path = SceneDelegate.swift; sourceTree = "<group>"; };
		77FE7E7C2B9E70CC00E7C2BD /* EmployeeFeedsViewController.swift */ = {isa = PBXFileReference; lastKnownFileType = sourcecode.swift; path = EmployeeFeedsViewController.swift; sourceTree = "<group>"; };
		77FE7E7F2B9E70CC00E7C2BD /* Base */ = {isa = PBXFileReference; lastKnownFileType = file.storyboard; name = Base; path = Base.lproj/Main.storyboard; sourceTree = "<group>"; };
		77FE7E812B9E70CE00E7C2BD /* Assets.xcassets */ = {isa = PBXFileReference; lastKnownFileType = folder.assetcatalog; path = Assets.xcassets; sourceTree = "<group>"; };
		77FE7E842B9E70CE00E7C2BD /* Base */ = {isa = PBXFileReference; lastKnownFileType = file.storyboard; name = Base; path = Base.lproj/LaunchScreen.storyboard; sourceTree = "<group>"; };
		77FE7E862B9E70CE00E7C2BD /* Info.plist */ = {isa = PBXFileReference; lastKnownFileType = text.plist.xml; path = Info.plist; sourceTree = "<group>"; };
		77FE7E8B2B9E70CF00E7C2BD /* EmployeeDirectoryTests.xctest */ = {isa = PBXFileReference; explicitFileType = wrapper.cfbundle; includeInIndex = 0; path = EmployeeDirectoryTests.xctest; sourceTree = BUILT_PRODUCTS_DIR; };
/* End PBXFileReference section */

/* Begin PBXFrameworksBuildPhase section */
		77FE7E722B9E70CC00E7C2BD /* Frameworks */ = {
			isa = PBXFrameworksBuildPhase;
			buildActionMask = 2147483647;
			files = (
				7711E7802BA1562600CE933A /* SkeletonView in Frameworks */,
				7711E7832BA1655E00CE933A /* OHHTTPStubsSwift in Frameworks */,
				774ADA742B9EA35F003ABAA3 /* SDWebImage in Frameworks */,
			);
			runOnlyForDeploymentPostprocessing = 0;
		};
		77FE7E882B9E70CF00E7C2BD /* Frameworks */ = {
			isa = PBXFrameworksBuildPhase;
			buildActionMask = 2147483647;
			files = (
				7711E78E2BA1676500CE933A /* SDWebImage in Frameworks */,
				7711E7922BA167D200CE933A /* OHHTTPStubs in Frameworks */,
				7711E7902BA1678500CE933A /* OHHTTPStubsSwift in Frameworks */,
			);
			runOnlyForDeploymentPostprocessing = 0;
		};
/* End PBXFrameworksBuildPhase section */

/* Begin PBXGroup section */
		7711E78C2BA1676500CE933A /* Frameworks */ = {
			isa = PBXGroup;
			children = (
			);
			name = Frameworks;
			sourceTree = "<group>";
		};
		7711E7972BA16C9600CE933A /* Providers */ = {
			isa = PBXGroup;
			children = (
				7711E77A2BA0D97700CE933A /* CollectionViewCellControllerSectionProvider.swift */,
				7711E77C2BA0FEB000CE933A /* EmployeeSummaryCollectionViewCellControllerProvider.swift */,
			);
			path = Providers;
			sourceTree = "<group>";
		};
		774ADA6A2B9E87F3003ABAA3 /* API */ = {
			isa = PBXGroup;
			children = (
				774ADA6B2B9E8921003ABAA3 /* EmployeeDirectoryServiceClient.swift */,
				774ADA6D2B9E8989003ABAA3 /* HttpError.swift */,
			);
			path = API;
			sourceTree = "<group>";
		};
		774ADA6F2B9E8B08003ABAA3 /* Model */ = {
			isa = PBXGroup;
			children = (
				774ADA702B9E8BA0003ABAA3 /* EmployeeDirectoryData.swift */,
				7711E7782BA0CE1700CE933A /* CollectionViewSection.swift */,
			);
			path = Model;
			sourceTree = "<group>";
		};
		77FE7E6C2B9E70CC00E7C2BD = {
			isa = PBXGroup;
			children = (
				7711E79A2BA1713D00CE933A /* README.md */,
				77FE7E772B9E70CC00E7C2BD /* EmployeeDirectory */,
				77FE7E8E2B9E70CF00E7C2BD /* EmployeeDirectoryTests */,
				77FE7E762B9E70CC00E7C2BD /* Products */,
				7711E78C2BA1676500CE933A /* Frameworks */,
			);
			sourceTree = "<group>";
		};
		77FE7E762B9E70CC00E7C2BD /* Products */ = {
			isa = PBXGroup;
			children = (
				77FE7E752B9E70CC00E7C2BD /* EmployeeDirectory.app */,
				77FE7E8B2B9E70CF00E7C2BD /* EmployeeDirectoryTests.xctest */,
			);
			name = Products;
			sourceTree = "<group>";
		};
		77FE7E772B9E70CC00E7C2BD /* EmployeeDirectory */ = {
			isa = PBXGroup;
			children = (
				7711E7972BA16C9600CE933A /* Providers */,
				774ADA6F2B9E8B08003ABAA3 /* Model */,
				774ADA6A2B9E87F3003ABAA3 /* API */,
				77FE7EA82B9E710900E7C2BD /* Controllers */,
				77FE7E782B9E70CC00E7C2BD /* AppDelegate.swift */,
				77FE7E7A2B9E70CC00E7C2BD /* SceneDelegate.swift */,
				77FE7E812B9E70CE00E7C2BD /* Assets.xcassets */,
				77FE7E832B9E70CE00E7C2BD /* LaunchScreen.storyboard */,
				77FE7E862B9E70CE00E7C2BD /* Info.plist */,
			);
			path = EmployeeDirectory;
			sourceTree = "<group>";
		};
		77FE7E8E2B9E70CF00E7C2BD /* EmployeeDirectoryTests */ = {
			isa = PBXGroup;
			children = (
				7711E7842BA1658C00CE933A /* EmployeeDirectoryServiceClientTests.swift */,
				7711E7932BA16B3100CE933A /* SuccessResponse.json */,
				7711E7952BA16BE300CE933A /* EmployeeDataTests.swift */,
				7711E7982BA16CC400CE933A /* EmployeeSummaryCollectionViewCellControllerProviderTests.swift */,
				7711E79C2BA1F55300CE933A /* EmployeeSummaryCollectionViewCellControllerTests.swift */,
			);
			path = EmployeeDirectoryTests;
			sourceTree = "<group>";
		};
		77FE7EA82B9E710900E7C2BD /* Controllers */ = {
			isa = PBXGroup;
			children = (
				77FE7EAF2B9E73A000E7C2BD /* ViewCellControllers */,
				77FE7E7C2B9E70CC00E7C2BD /* EmployeeFeedsViewController.swift */,
				7711E7762BA0C9F700CE933A /* CollectionViewController.swift */,
				77FE7E7E2B9E70CC00E7C2BD /* Main.storyboard */,
			);
			path = Controllers;
			sourceTree = "<group>";
		};
		77FE7EAF2B9E73A000E7C2BD /* ViewCellControllers */ = {
			isa = PBXGroup;
			children = (
				774ADA662B9E743E003ABAA3 /* EmployeeSummaryCollectionViewCellController.swift */,
				774ADA642B9E743E003ABAA3 /* EmployeeSummaryCollectionViewCell.swift */,
				774ADA652B9E743E003ABAA3 /* EmployeeSummaryCollectionViewCell.xib */,
			);
			path = ViewCellControllers;
			sourceTree = "<group>";
		};
/* End PBXGroup section */

/* Begin PBXNativeTarget section */
		77FE7E742B9E70CC00E7C2BD /* EmployeeDirectory */ = {
			isa = PBXNativeTarget;
			buildConfigurationList = 77FE7E9F2B9E70CF00E7C2BD /* Build configuration list for PBXNativeTarget "EmployeeDirectory" */;
			buildPhases = (
				77FE7E712B9E70CC00E7C2BD /* Sources */,
				77FE7E722B9E70CC00E7C2BD /* Frameworks */,
				77FE7E732B9E70CC00E7C2BD /* Resources */,
			);
			buildRules = (
			);
			dependencies = (
			);
			name = EmployeeDirectory;
			packageProductDependencies = (
				774ADA732B9EA35F003ABAA3 /* SDWebImage */,
				7711E77F2BA1562600CE933A /* SkeletonView */,
				7711E7822BA1655E00CE933A /* OHHTTPStubsSwift */,
			);
			productName = EmployeeDirectory;
			productReference = 77FE7E752B9E70CC00E7C2BD /* EmployeeDirectory.app */;
			productType = "com.apple.product-type.application";
		};
		77FE7E8A2B9E70CF00E7C2BD /* EmployeeDirectoryTests */ = {
			isa = PBXNativeTarget;
			buildConfigurationList = 77FE7EA22B9E70CF00E7C2BD /* Build configuration list for PBXNativeTarget "EmployeeDirectoryTests" */;
			buildPhases = (
				77FE7E872B9E70CF00E7C2BD /* Sources */,
				77FE7E882B9E70CF00E7C2BD /* Frameworks */,
				77FE7E892B9E70CF00E7C2BD /* Resources */,
			);
			buildRules = (
			);
			dependencies = (
				77FE7E8D2B9E70CF00E7C2BD /* PBXTargetDependency */,
			);
			name = EmployeeDirectoryTests;
			packageProductDependencies = (
				7711E78D2BA1676500CE933A /* SDWebImage */,
				7711E78F2BA1678500CE933A /* OHHTTPStubsSwift */,
				7711E7912BA167D200CE933A /* OHHTTPStubs */,
			);
			productName = EmployeeDirectoryTests;
			productReference = 77FE7E8B2B9E70CF00E7C2BD /* EmployeeDirectoryTests.xctest */;
			productType = "com.apple.product-type.bundle.unit-test";
		};
/* End PBXNativeTarget section */

/* Begin PBXProject section */
		77FE7E6D2B9E70CC00E7C2BD /* Project object */ = {
			isa = PBXProject;
			attributes = {
				BuildIndependentTargetsInParallel = 1;
				LastSwiftUpdateCheck = 1420;
				LastUpgradeCheck = 1420;
				TargetAttributes = {
					77FE7E742B9E70CC00E7C2BD = {
						CreatedOnToolsVersion = 14.2;
					};
					77FE7E8A2B9E70CF00E7C2BD = {
						CreatedOnToolsVersion = 14.2;
						LastSwiftMigration = 1420;
						TestTargetID = 77FE7E742B9E70CC00E7C2BD;
					};
				};
			};
			buildConfigurationList = 77FE7E702B9E70CC00E7C2BD /* Build configuration list for PBXProject "EmployeeDirectory" */;
			compatibilityVersion = "Xcode 14.0";
			developmentRegion = en;
			hasScannedForEncodings = 0;
			knownRegions = (
				en,
				Base,
			);
			mainGroup = 77FE7E6C2B9E70CC00E7C2BD;
			packageReferences = (
				774ADA722B9EA35F003ABAA3 /* XCRemoteSwiftPackageReference "SDWebImage" */,
				7711E77E2BA1562600CE933A /* XCRemoteSwiftPackageReference "SkeletonView" */,
				7711E7812BA1655E00CE933A /* XCRemoteSwiftPackageReference "OHHTTPStubs" */,
			);
			productRefGroup = 77FE7E762B9E70CC00E7C2BD /* Products */;
			projectDirPath = "";
			projectRoot = "";
			targets = (
				77FE7E742B9E70CC00E7C2BD /* EmployeeDirectory */,
				77FE7E8A2B9E70CF00E7C2BD /* EmployeeDirectoryTests */,
			);
		};
/* End PBXProject section */

/* Begin PBXResourcesBuildPhase section */
		77FE7E732B9E70CC00E7C2BD /* Resources */ = {
			isa = PBXResourcesBuildPhase;
			buildActionMask = 2147483647;
			files = (
				77FE7E852B9E70CE00E7C2BD /* LaunchScreen.storyboard in Resources */,
				77FE7E822B9E70CE00E7C2BD /* Assets.xcassets in Resources */,
				7711E79B2BA1713D00CE933A /* README.md in Resources */,
				77FE7E802B9E70CC00E7C2BD /* Main.storyboard in Resources */,
				774ADA682B9E743E003ABAA3 /* EmployeeSummaryCollectionViewCell.xib in Resources */,
			);
			runOnlyForDeploymentPostprocessing = 0;
		};
		77FE7E892B9E70CF00E7C2BD /* Resources */ = {
			isa = PBXResourcesBuildPhase;
			buildActionMask = 2147483647;
			files = (
				7711E7942BA16B3100CE933A /* SuccessResponse.json in Resources */,
			);
			runOnlyForDeploymentPostprocessing = 0;
		};
/* End PBXResourcesBuildPhase section */

/* Begin PBXSourcesBuildPhase section */
		77FE7E712B9E70CC00E7C2BD /* Sources */ = {
			isa = PBXSourcesBuildPhase;
			buildActionMask = 2147483647;
			files = (
				7711E7772BA0C9F700CE933A /* CollectionViewController.swift in Sources */,
				77FE7E7D2B9E70CC00E7C2BD /* EmployeeFeedsViewController.swift in Sources */,
				77FE7E792B9E70CC00E7C2BD /* AppDelegate.swift in Sources */,
				774ADA6C2B9E8921003ABAA3 /* EmployeeDirectoryServiceClient.swift in Sources */,
				7711E77D2BA0FEB000CE933A /* EmployeeSummaryCollectionViewCellControllerProvider.swift in Sources */,
				77FE7E7B2B9E70CC00E7C2BD /* SceneDelegate.swift in Sources */,
				774ADA672B9E743E003ABAA3 /* EmployeeSummaryCollectionViewCell.swift in Sources */,
				7711E77B2BA0D97700CE933A /* CollectionViewCellControllerSectionProvider.swift in Sources */,
				7711E7792BA0CE1700CE933A /* CollectionViewSection.swift in Sources */,
				774ADA712B9E8BA0003ABAA3 /* EmployeeDirectoryData.swift in Sources */,
				774ADA6E2B9E8989003ABAA3 /* HttpError.swift in Sources */,
				774ADA692B9E743E003ABAA3 /* EmployeeSummaryCollectionViewCellController.swift in Sources */,
			);
			runOnlyForDeploymentPostprocessing = 0;
		};
		77FE7E872B9E70CF00E7C2BD /* Sources */ = {
			isa = PBXSourcesBuildPhase;
			buildActionMask = 2147483647;
			files = (
				7711E7992BA16CC400CE933A /* EmployeeSummaryCollectionViewCellControllerProviderTests.swift in Sources */,
				7711E79D2BA1F55300CE933A /* EmployeeSummaryCollectionViewCellControllerTests.swift in Sources */,
				7711E7852BA1658C00CE933A /* EmployeeDirectoryServiceClientTests.swift in Sources */,
				7711E7962BA16BE300CE933A /* EmployeeDataTests.swift in Sources */,
			);
			runOnlyForDeploymentPostprocessing = 0;
		};
/* End PBXSourcesBuildPhase section */

/* Begin PBXTargetDependency section */
		77FE7E8D2B9E70CF00E7C2BD /* PBXTargetDependency */ = {
			isa = PBXTargetDependency;
			target = 77FE7E742B9E70CC00E7C2BD /* EmployeeDirectory */;
			targetProxy = 77FE7E8C2B9E70CF00E7C2BD /* PBXContainerItemProxy */;
		};
/* End PBXTargetDependency section */

/* Begin PBXVariantGroup section */
		77FE7E7E2B9E70CC00E7C2BD /* Main.storyboard */ = {
			isa = PBXVariantGroup;
			children = (
				77FE7E7F2B9E70CC00E7C2BD /* Base */,
			);
			name = Main.storyboard;
			sourceTree = "<group>";
		};
		77FE7E832B9E70CE00E7C2BD /* LaunchScreen.storyboard */ = {
			isa = PBXVariantGroup;
			children = (
				77FE7E842B9E70CE00E7C2BD /* Base */,
			);
			name = LaunchScreen.storyboard;
			sourceTree = "<group>";
		};
/* End PBXVariantGroup section */

/* Begin XCBuildConfiguration section */
		77FE7E9D2B9E70CF00E7C2BD /* Debug */ = {
			isa = XCBuildConfiguration;
			buildSettings = {
				ALWAYS_SEARCH_USER_PATHS = NO;
				CLANG_ANALYZER_NONNULL = YES;
				CLANG_ANALYZER_NUMBER_OBJECT_CONVERSION = YES_AGGRESSIVE;
				CLANG_CXX_LANGUAGE_STANDARD = "gnu++20";
				CLANG_ENABLE_MODULES = YES;
				CLANG_ENABLE_OBJC_ARC = YES;
				CLANG_ENABLE_OBJC_WEAK = YES;
				CLANG_WARN_BLOCK_CAPTURE_AUTORELEASING = YES;
				CLANG_WARN_BOOL_CONVERSION = YES;
				CLANG_WARN_COMMA = YES;
				CLANG_WARN_CONSTANT_CONVERSION = YES;
				CLANG_WARN_DEPRECATED_OBJC_IMPLEMENTATIONS = YES;
				CLANG_WARN_DIRECT_OBJC_ISA_USAGE = YES_ERROR;
				CLANG_WARN_DOCUMENTATION_COMMENTS = YES;
				CLANG_WARN_EMPTY_BODY = YES;
				CLANG_WARN_ENUM_CONVERSION = YES;
				CLANG_WARN_INFINITE_RECURSION = YES;
				CLANG_WARN_INT_CONVERSION = YES;
				CLANG_WARN_NON_LITERAL_NULL_CONVERSION = YES;
				CLANG_WARN_OBJC_IMPLICIT_RETAIN_SELF = YES;
				CLANG_WARN_OBJC_LITERAL_CONVERSION = YES;
				CLANG_WARN_OBJC_ROOT_CLASS = YES_ERROR;
				CLANG_WARN_QUOTED_INCLUDE_IN_FRAMEWORK_HEADER = YES;
				CLANG_WARN_RANGE_LOOP_ANALYSIS = YES;
				CLANG_WARN_STRICT_PROTOTYPES = YES;
				CLANG_WARN_SUSPICIOUS_MOVE = YES;
				CLANG_WARN_UNGUARDED_AVAILABILITY = YES_AGGRESSIVE;
				CLANG_WARN_UNREACHABLE_CODE = YES;
				CLANG_WARN__DUPLICATE_METHOD_MATCH = YES;
				COPY_PHASE_STRIP = NO;
				DEBUG_INFORMATION_FORMAT = dwarf;
				ENABLE_STRICT_OBJC_MSGSEND = YES;
				ENABLE_TESTABILITY = YES;
				GCC_C_LANGUAGE_STANDARD = gnu11;
				GCC_DYNAMIC_NO_PIC = NO;
				GCC_NO_COMMON_BLOCKS = YES;
				GCC_OPTIMIZATION_LEVEL = 0;
				GCC_PREPROCESSOR_DEFINITIONS = (
					"DEBUG=1",
					"$(inherited)",
				);
				GCC_WARN_64_TO_32_BIT_CONVERSION = YES;
				GCC_WARN_ABOUT_RETURN_TYPE = YES_ERROR;
				GCC_WARN_UNDECLARED_SELECTOR = YES;
				GCC_WARN_UNINITIALIZED_AUTOS = YES_AGGRESSIVE;
				GCC_WARN_UNUSED_FUNCTION = YES;
				GCC_WARN_UNUSED_VARIABLE = YES;
				IPHONEOS_DEPLOYMENT_TARGET = 16.2;
				MTL_ENABLE_DEBUG_INFO = INCLUDE_SOURCE;
				MTL_FAST_MATH = YES;
				ONLY_ACTIVE_ARCH = YES;
				SDKROOT = iphoneos;
				SWIFT_ACTIVE_COMPILATION_CONDITIONS = DEBUG;
				SWIFT_OPTIMIZATION_LEVEL = "-Onone";
			};
			name = Debug;
		};
		77FE7E9E2B9E70CF00E7C2BD /* Release */ = {
			isa = XCBuildConfiguration;
			buildSettings = {
				ALWAYS_SEARCH_USER_PATHS = NO;
				CLANG_ANALYZER_NONNULL = YES;
				CLANG_ANALYZER_NUMBER_OBJECT_CONVERSION = YES_AGGRESSIVE;
				CLANG_CXX_LANGUAGE_STANDARD = "gnu++20";
				CLANG_ENABLE_MODULES = YES;
				CLANG_ENABLE_OBJC_ARC = YES;
				CLANG_ENABLE_OBJC_WEAK = YES;
				CLANG_WARN_BLOCK_CAPTURE_AUTORELEASING = YES;
				CLANG_WARN_BOOL_CONVERSION = YES;
				CLANG_WARN_COMMA = YES;
				CLANG_WARN_CONSTANT_CONVERSION = YES;
				CLANG_WARN_DEPRECATED_OBJC_IMPLEMENTATIONS = YES;
				CLANG_WARN_DIRECT_OBJC_ISA_USAGE = YES_ERROR;
				CLANG_WARN_DOCUMENTATION_COMMENTS = YES;
				CLANG_WARN_EMPTY_BODY = YES;
				CLANG_WARN_ENUM_CONVERSION = YES;
				CLANG_WARN_INFINITE_RECURSION = YES;
				CLANG_WARN_INT_CONVERSION = YES;
				CLANG_WARN_NON_LITERAL_NULL_CONVERSION = YES;
				CLANG_WARN_OBJC_IMPLICIT_RETAIN_SELF = YES;
				CLANG_WARN_OBJC_LITERAL_CONVERSION = YES;
				CLANG_WARN_OBJC_ROOT_CLASS = YES_ERROR;
				CLANG_WARN_QUOTED_INCLUDE_IN_FRAMEWORK_HEADER = YES;
				CLANG_WARN_RANGE_LOOP_ANALYSIS = YES;
				CLANG_WARN_STRICT_PROTOTYPES = YES;
				CLANG_WARN_SUSPICIOUS_MOVE = YES;
				CLANG_WARN_UNGUARDED_AVAILABILITY = YES_AGGRESSIVE;
				CLANG_WARN_UNREACHABLE_CODE = YES;
				CLANG_WARN__DUPLICATE_METHOD_MATCH = YES;
				COPY_PHASE_STRIP = NO;
				DEBUG_INFORMATION_FORMAT = "dwarf-with-dsym";
				ENABLE_NS_ASSERTIONS = NO;
				ENABLE_STRICT_OBJC_MSGSEND = YES;
				GCC_C_LANGUAGE_STANDARD = gnu11;
				GCC_NO_COMMON_BLOCKS = YES;
				GCC_WARN_64_TO_32_BIT_CONVERSION = YES;
				GCC_WARN_ABOUT_RETURN_TYPE = YES_ERROR;
				GCC_WARN_UNDECLARED_SELECTOR = YES;
				GCC_WARN_UNINITIALIZED_AUTOS = YES_AGGRESSIVE;
				GCC_WARN_UNUSED_FUNCTION = YES;
				GCC_WARN_UNUSED_VARIABLE = YES;
				IPHONEOS_DEPLOYMENT_TARGET = 16.2;
				MTL_ENABLE_DEBUG_INFO = NO;
				MTL_FAST_MATH = YES;
				SDKROOT = iphoneos;
				SWIFT_COMPILATION_MODE = wholemodule;
				SWIFT_OPTIMIZATION_LEVEL = "-O";
				VALIDATE_PRODUCT = YES;
			};
			name = Release;
		};
		77FE7EA02B9E70CF00E7C2BD /* Debug */ = {
			isa = XCBuildConfiguration;
			buildSettings = {
				ASSETCATALOG_COMPILER_APPICON_NAME = AppIcon;
				ASSETCATALOG_COMPILER_GLOBAL_ACCENT_COLOR_NAME = AccentColor;
				CODE_SIGN_STYLE = Automatic;
				CURRENT_PROJECT_VERSION = 1;
				DEVELOPMENT_TEAM = EHG3422R22;
				GENERATE_INFOPLIST_FILE = YES;
				INFOPLIST_FILE = EmployeeDirectory/Info.plist;
				INFOPLIST_KEY_UIApplicationSupportsIndirectInputEvents = YES;
				INFOPLIST_KEY_UILaunchStoryboardName = LaunchScreen;
				INFOPLIST_KEY_UIMainStoryboardFile = Main;
				INFOPLIST_KEY_UISupportedInterfaceOrientations_iPad = "UIInterfaceOrientationPortrait UIInterfaceOrientationPortraitUpsideDown UIInterfaceOrientationLandscapeLeft UIInterfaceOrientationLandscapeRight";
				INFOPLIST_KEY_UISupportedInterfaceOrientations_iPhone = "UIInterfaceOrientationPortrait UIInterfaceOrientationLandscapeLeft UIInterfaceOrientationLandscapeRight";
				LD_RUNPATH_SEARCH_PATHS = (
					"$(inherited)",
					"@executable_path/Frameworks",
				);
				MARKETING_VERSION = 1.0;
				PRODUCT_BUNDLE_IDENTIFIER = com.juliocrosario.EmployeeDirectory;
				PRODUCT_NAME = "$(TARGET_NAME)";
				SWIFT_EMIT_LOC_STRINGS = YES;
				SWIFT_VERSION = 5.0;
				TARGETED_DEVICE_FAMILY = "1,2";
			};
			name = Debug;
		};
		77FE7EA12B9E70CF00E7C2BD /* Release */ = {
			isa = XCBuildConfiguration;
			buildSettings = {
				ASSETCATALOG_COMPILER_APPICON_NAME = AppIcon;
				ASSETCATALOG_COMPILER_GLOBAL_ACCENT_COLOR_NAME = AccentColor;
				CODE_SIGN_STYLE = Automatic;
				CURRENT_PROJECT_VERSION = 1;
				DEVELOPMENT_TEAM = EHG3422R22;
				GENERATE_INFOPLIST_FILE = YES;
				INFOPLIST_FILE = EmployeeDirectory/Info.plist;
				INFOPLIST_KEY_UIApplicationSupportsIndirectInputEvents = YES;
				INFOPLIST_KEY_UILaunchStoryboardName = LaunchScreen;
				INFOPLIST_KEY_UIMainStoryboardFile = Main;
				INFOPLIST_KEY_UISupportedInterfaceOrientations_iPad = "UIInterfaceOrientationPortrait UIInterfaceOrientationPortraitUpsideDown UIInterfaceOrientationLandscapeLeft UIInterfaceOrientationLandscapeRight";
				INFOPLIST_KEY_UISupportedInterfaceOrientations_iPhone = "UIInterfaceOrientationPortrait UIInterfaceOrientationLandscapeLeft UIInterfaceOrientationLandscapeRight";
				LD_RUNPATH_SEARCH_PATHS = (
					"$(inherited)",
					"@executable_path/Frameworks",
				);
				MARKETING_VERSION = 1.0;
				PRODUCT_BUNDLE_IDENTIFIER = com.juliocrosario.EmployeeDirectory;
				PRODUCT_NAME = "$(TARGET_NAME)";
				SWIFT_EMIT_LOC_STRINGS = YES;
				SWIFT_VERSION = 5.0;
				TARGETED_DEVICE_FAMILY = "1,2";
			};
			name = Release;
		};
		77FE7EA32B9E70CF00E7C2BD /* Debug */ = {
			isa = XCBuildConfiguration;
			buildSettings = {
				ALWAYS_EMBED_SWIFT_STANDARD_LIBRARIES = YES;
				BUNDLE_LOADER = "$(TEST_HOST)";
				CLANG_ENABLE_MODULES = YES;
				CODE_SIGN_STYLE = Automatic;
				CURRENT_PROJECT_VERSION = 1;
				DEVELOPMENT_TEAM = EHG3422R22;
				GENERATE_INFOPLIST_FILE = YES;
				IPHONEOS_DEPLOYMENT_TARGET = 16.2;
				LD_RUNPATH_SEARCH_PATHS = (
					"$(inherited)",
					"@executable_path/Frameworks",
					"@loader_path/Frameworks",
				);
				MARKETING_VERSION = 1.0;
				PRODUCT_BUNDLE_IDENTIFIER = com.juliocrosario.EmployeeDirectoryTests;
				PRODUCT_NAME = "$(TARGET_NAME)";
				SWIFT_EMIT_LOC_STRINGS = NO;
				SWIFT_OPTIMIZATION_LEVEL = "-Onone";
				SWIFT_VERSION = 5.0;
				TARGETED_DEVICE_FAMILY = "1,2";
				TEST_HOST = "$(BUILT_PRODUCTS_DIR)/EmployeeDirectory.app/$(BUNDLE_EXECUTABLE_FOLDER_PATH)/EmployeeDirectory";
			};
			name = Debug;
		};
		77FE7EA42B9E70CF00E7C2BD /* Release */ = {
			isa = XCBuildConfiguration;
			buildSettings = {
				ALWAYS_EMBED_SWIFT_STANDARD_LIBRARIES = YES;
				BUNDLE_LOADER = "$(TEST_HOST)";
				CLANG_ENABLE_MODULES = YES;
				CODE_SIGN_STYLE = Automatic;
				CURRENT_PROJECT_VERSION = 1;
				DEVELOPMENT_TEAM = EHG3422R22;
				GENERATE_INFOPLIST_FILE = YES;
				IPHONEOS_DEPLOYMENT_TARGET = 16.2;
				LD_RUNPATH_SEARCH_PATHS = (
					"$(inherited)",
					"@executable_path/Frameworks",
					"@loader_path/Frameworks",
				);
				MARKETING_VERSION = 1.0;
				PRODUCT_BUNDLE_IDENTIFIER = com.juliocrosario.EmployeeDirectoryTests;
				PRODUCT_NAME = "$(TARGET_NAME)";
				SWIFT_EMIT_LOC_STRINGS = NO;
				SWIFT_VERSION = 5.0;
				TARGETED_DEVICE_FAMILY = "1,2";
				TEST_HOST = "$(BUILT_PRODUCTS_DIR)/EmployeeDirectory.app/$(BUNDLE_EXECUTABLE_FOLDER_PATH)/EmployeeDirectory";
			};
			name = Release;
		};
/* End XCBuildConfiguration section */

/* Begin XCConfigurationList section */
		77FE7E702B9E70CC00E7C2BD /* Build configuration list for PBXProject "EmployeeDirectory" */ = {
			isa = XCConfigurationList;
			buildConfigurations = (
				77FE7E9D2B9E70CF00E7C2BD /* Debug */,
				77FE7E9E2B9E70CF00E7C2BD /* Release */,
			);
			defaultConfigurationIsVisible = 0;
			defaultConfigurationName = Release;
		};
		77FE7E9F2B9E70CF00E7C2BD /* Build configuration list for PBXNativeTarget "EmployeeDirectory" */ = {
			isa = XCConfigurationList;
			buildConfigurations = (
				77FE7EA02B9E70CF00E7C2BD /* Debug */,
				77FE7EA12B9E70CF00E7C2BD /* Release */,
			);
			defaultConfigurationIsVisible = 0;
			defaultConfigurationName = Release;
		};
		77FE7EA22B9E70CF00E7C2BD /* Build configuration list for PBXNativeTarget "EmployeeDirectoryTests" */ = {
			isa = XCConfigurationList;
			buildConfigurations = (
				77FE7EA32B9E70CF00E7C2BD /* Debug */,
				77FE7EA42B9E70CF00E7C2BD /* Release */,
			);
			defaultConfigurationIsVisible = 0;
			defaultConfigurationName = Release;
		};
/* End XCConfigurationList section */

/* Begin XCRemoteSwiftPackageReference section */
		7711E77E2BA1562600CE933A /* XCRemoteSwiftPackageReference "SkeletonView" */ = {
			isa = XCRemoteSwiftPackageReference;
			repositoryURL = "https://github.com/Juanpe/SkeletonView.git";
			requirement = {
				kind = upToNextMajorVersion;
				minimumVersion = 1.0.0;
			};
		};
		7711E7812BA1655E00CE933A /* XCRemoteSwiftPackageReference "OHHTTPStubs" */ = {
			isa = XCRemoteSwiftPackageReference;
			repositoryURL = "https://github.com/AliSoftware/OHHTTPStubs";
			requirement = {
				kind = upToNextMajorVersion;
				minimumVersion = 9.0.0;
			};
		};
		774ADA722B9EA35F003ABAA3 /* XCRemoteSwiftPackageReference "SDWebImage" */ = {
			isa = XCRemoteSwiftPackageReference;
			repositoryURL = "https://github.com/SDWebImage/SDWebImage.git";
			requirement = {
				kind = upToNextMajorVersion;
				minimumVersion = 5.0.0;
			};
		};
/* End XCRemoteSwiftPackageReference section */

/* Begin XCSwiftPackageProductDependency section */
		7711E77F2BA1562600CE933A /* SkeletonView */ = {
			isa = XCSwiftPackageProductDependency;
			package = 7711E77E2BA1562600CE933A /* XCRemoteSwiftPackageReference "SkeletonView" */;
			productName = SkeletonView;
		};
		7711E7822BA1655E00CE933A /* OHHTTPStubsSwift */ = {
			isa = XCSwiftPackageProductDependency;
			package = 7711E7812BA1655E00CE933A /* XCRemoteSwiftPackageReference "OHHTTPStubs" */;
			productName = OHHTTPStubsSwift;
		};
		7711E78D2BA1676500CE933A /* SDWebImage */ = {
			isa = XCSwiftPackageProductDependency;
			package = 774ADA722B9EA35F003ABAA3 /* XCRemoteSwiftPackageReference "SDWebImage" */;
			productName = SDWebImage;
		};
		7711E78F2BA1678500CE933A /* OHHTTPStubsSwift */ = {
			isa = XCSwiftPackageProductDependency;
			package = 7711E7812BA1655E00CE933A /* XCRemoteSwiftPackageReference "OHHTTPStubs" */;
			productName = OHHTTPStubsSwift;
		};
		7711E7912BA167D200CE933A /* OHHTTPStubs */ = {
			isa = XCSwiftPackageProductDependency;
			package = 7711E7812BA1655E00CE933A /* XCRemoteSwiftPackageReference "OHHTTPStubs" */;
			productName = OHHTTPStubs;
		};
		774ADA732B9EA35F003ABAA3 /* SDWebImage */ = {
			isa = XCSwiftPackageProductDependency;
			package = 774ADA722B9EA35F003ABAA3 /* XCRemoteSwiftPackageReference "SDWebImage" */;
			productName = SDWebImage;
		};
/* End XCSwiftPackageProductDependency section */
	};
	rootObject = 77FE7E6D2B9E70CC00E7C2BD /* Project object */;
}
